
Microsoft Visual Studio Solution File, Format Version 12.00
# Visual Studio Version 16
VisualStudioVersion = 16.0.29009.5
MinimumVisualStudioVersion = 10.0.40219.1
Project("{FAE04EC0-301F-11D3-BF4B-00C04F79EFBC}") = "MIPS Instruction Analyzer", "MIPS Instruction Analyzer.csproj", "{BBFBCA93-4D43-4860-9B64-0CD625D93938}"
EndProject
Global
	GlobalSection(SolutionConfigurationPlatforms) = preSolution
		Debug|Any CPU = Debug|Any CPU
		Release|Any CPU = Release|Any CPU
	EndGlobalSection
	GlobalSection(ProjectConfigurationPlatforms) = postSolution
		{BBFBCA93-4D43-4860-9B64-0CD625D93938}.Debug|Any CPU.ActiveCfg = Debug|Any CPU
		{BBFBCA93-4D43-4860-9B64-0CD625D93938}.Debug|Any CPU.Build.0 = Debug|Any CPU
		{BBFBCA93-4D43-4860-9B64-0CD625D93938}.Release|Any CPU.ActiveCfg = Release|Any CPU
		{BBFBCA93-4D43-4860-9B64-0CD625D93938}.Release|Any CPU.Build.0 = Release|Any CPU
	EndGlobalSection
	GlobalSection(SolutionProperties) = preSolution
		HideSolutionNode = FALSE
	EndGlobalSection
	GlobalSection(ExtensibilityGlobals) = postSolution
		SolutionGuid = {3AAF542F-A61C-4060-B704-985EFA8B467A}
	EndGlobalSection
EndGlobal
